
Microsoft Visual Studio Solution File, Format Version 12.00
# Visual Studio Version 17
VisualStudioVersion = 17.5.33414.496
MinimumVisualStudioVersion = 10.0.40219.1
Project("{9A19103F-16F7-4668-BE54-9A1E7A4F7556}") = "Entites", "Entites\Entites.csproj", "{086930D4-F071-482B-A1EA-419C6A5F0382}"
EndProject
Project("{9A19103F-16F7-4668-BE54-9A1E7A4F7556}") = "DataAccess", "DataAccess\DataAccess.csproj", "{ECED369B-8AE3-4B97-99C4-9ECB448B3946}"
EndProject
Project("{9A19103F-16F7-4668-BE54-9A1E7A4F7556}") = "Business", "Business\Business.csproj", "{5E23DDF3-2A25-42A9-9111-3D0F4DE0759A}"
EndProject
Project("{9A19103F-16F7-4668-BE54-9A1E7A4F7556}") = "Core", "Core\Core.csproj", "{0FBC1A78-A082-4C2A-A2DE-D7B960DD0B63}"
EndProject
Project("{9A19103F-16F7-4668-BE54-9A1E7A4F7556}") = "WebAPI", "WebAPI\WebAPI.csproj", "{4441DFE1-C08C-43C3-9B8F-00AEDD2A49E1}"
EndProject
Global
	GlobalSection(SolutionConfigurationPlatforms) = preSolution
		Debug|Any CPU = Debug|Any CPU
		Release|Any CPU = Release|Any CPU
	EndGlobalSection
	GlobalSection(ProjectConfigurationPlatforms) = postSolution
		{086930D4-F071-482B-A1EA-419C6A5F0382}.Debug|Any CPU.ActiveCfg = Debug|Any CPU
		{086930D4-F071-482B-A1EA-419C6A5F0382}.Debug|Any CPU.Build.0 = Debug|Any CPU
		{086930D4-F071-482B-A1EA-419C6A5F0382}.Release|Any CPU.ActiveCfg = Release|Any CPU
		{086930D4-F071-482B-A1EA-419C6A5F0382}.Release|Any CPU.Build.0 = Release|Any CPU
		{ECED369B-8AE3-4B97-99C4-9ECB448B3946}.Debug|Any CPU.ActiveCfg = Debug|Any CPU
		{ECED369B-8AE3-4B97-99C4-9ECB448B3946}.Debug|Any CPU.Build.0 = Debug|Any CPU
		{ECED369B-8AE3-4B97-99C4-9ECB448B3946}.Release|Any CPU.ActiveCfg = Release|Any CPU
		{ECED369B-8AE3-4B97-99C4-9ECB448B3946}.Release|Any CPU.Build.0 = Release|Any CPU
		{5E23DDF3-2A25-42A9-9111-3D0F4DE0759A}.Debug|Any CPU.ActiveCfg = Debug|Any CPU
		{5E23DDF3-2A25-42A9-9111-3D0F4DE0759A}.Debug|Any CPU.Build.0 = Debug|Any CPU
		{5E23DDF3-2A25-42A9-9111-3D0F4DE0759A}.Release|Any CPU.ActiveCfg = Release|Any CPU
		{5E23DDF3-2A25-42A9-9111-3D0F4DE0759A}.Release|Any CPU.Build.0 = Release|Any CPU
		{0FBC1A78-A082-4C2A-A2DE-D7B960DD0B63}.Debug|Any CPU.ActiveCfg = Debug|Any CPU
		{0FBC1A78-A082-4C2A-A2DE-D7B960DD0B63}.Debug|Any CPU.Build.0 = Debug|Any CPU
		{0FBC1A78-A082-4C2A-A2DE-D7B960DD0B63}.Release|Any CPU.ActiveCfg = Release|Any CPU
		{0FBC1A78-A082-4C2A-A2DE-D7B960DD0B63}.Release|Any CPU.Build.0 = Release|Any CPU
		{4441DFE1-C08C-43C3-9B8F-00AEDD2A49E1}.Debug|Any CPU.ActiveCfg = Debug|Any CPU
		{4441DFE1-C08C-43C3-9B8F-00AEDD2A49E1}.Debug|Any CPU.Build.0 = Debug|Any CPU
		{4441DFE1-C08C-43C3-9B8F-00AEDD2A49E1}.Release|Any CPU.ActiveCfg = Release|Any CPU
		{4441DFE1-C08C-43C3-9B8F-00AEDD2A49E1}.Release|Any CPU.Build.0 = Release|Any CPU
	EndGlobalSection
	GlobalSection(SolutionProperties) = preSolution
		HideSolutionNode = FALSE
	EndGlobalSection
	GlobalSection(ExtensibilityGlobals) = postSolution
		SolutionGuid = {6BC90255-8C56-44EA-B3FB-76CAF9EA86CA}
	EndGlobalSection
EndGlobal
